
Microsoft Visual Studio Solution File, Format Version 12.00
# Visual Studio Version 17
VisualStudioVersion = 17.3.32929.385
MinimumVisualStudioVersion = 10.0.40219.1
Project("{FAE04EC0-301F-11D3-BF4B-00C04F79EFBC}") = "PortofolioPerformanceAPI", "PortofolioPerformanceAPI\PortofolioPerformanceAPI.csproj", "{F1D23302-DCC7-48E6-A108-88D18153269A}"
EndProject
Global
	GlobalSection(SolutionConfigurationPlatforms) = preSolution
		Debug|Any CPU = Debug|Any CPU
		Release|Any CPU = Release|Any CPU
	EndGlobalSection
	GlobalSection(ProjectConfigurationPlatforms) = postSolution
		{F1D23302-DCC7-48E6-A108-88D18153269A}.Debug|Any CPU.ActiveCfg = Debug|Any CPU
		{F1D23302-DCC7-48E6-A108-88D18153269A}.Debug|Any CPU.Build.0 = Debug|Any CPU
		{F1D23302-DCC7-48E6-A108-88D18153269A}.Release|Any CPU.ActiveCfg = Release|Any CPU
		{F1D23302-DCC7-48E6-A108-88D18153269A}.Release|Any CPU.Build.0 = Release|Any CPU
	EndGlobalSection
	GlobalSection(SolutionProperties) = preSolution
		HideSolutionNode = FALSE
	EndGlobalSection
	GlobalSection(ExtensibilityGlobals) = postSolution
		SolutionGuid = {369D3209-7594-49C7-9FAF-7E94C9FEA019}
	EndGlobalSection
EndGlobal
